{
  "name": "@anand/tiptap-visual-diff",
  "version": "0.1.0",
  "lockfileVersion": 3,
  "requires": true,
  "packages": {
    "": {
      "name": "@anand/tiptap-visual-diff",
      "version": "0.1.0",
      "license": "MIT",
      "peerDependencies": {
        "@tiptap/core": "^3.0.0",
        "@tiptap/pm": "^3.0.0",
        "diff": ">=5.0.0"
      },
      "peerDependenciesMeta": {
        "diff": {
          "optional": false
        }
      }
    }
  }
}
